{"is_source_file": false, "format": "", "description": "", "external_files": [], "external_methods": [], "published": [], "classes": [], "methods": [], "calls": [], "search-terms": [], "state": 2, "file_id": 1, "knowledge_revision": 20, "git_revision": "d32a31750ad37d3f33352e4eb2b10a1aa6a7bb87", "filename": "/home/kavia/workspace/code-generation/snapstyler-98956-98961/snapstyler_container/post_process_status.lock", "hash": "9c4ed7ef73e22b872b8055bec08b8979", "format-version": 4, "code-base-name": "default", "revision_history": [{"20": "d32a31750ad37d3f33352e4eb2b10a1aa6a7bb87"}]}